// !$*UTF8*$!
{
	archiveVersion = 1;
	classes = {
	};
	objectVersion = 56;
	objects = {

/* Begin PBXBuildFile section */
		274A4FEB29F1B0A4001A115B /* Advice.swift in Sources */ = {isa = PBXBuildFile; fileRef = 274A4FEA29F1B0A4001A115B /* Advice.swift */; };
		274F30BF29F049E1003507F6 /* FinalModTaskAdviceApp.swift in Sources */ = {isa = PBXBuildFile; fileRef = 274F30BE29F049E1003507F6 /* FinalModTaskAdviceApp.swift */; };
		274F30C329F049E8003507F6 /* Assets.xcassets in Resources */ = {isa = PBXBuildFile; fileRef = 274F30C229F049E8003507F6 /* Assets.xcassets */; };
		274F30C629F049E8003507F6 /* Preview Assets.xcassets in Resources */ = {isa = PBXBuildFile; fileRef = 274F30C529F049E8003507F6 /* Preview Assets.xcassets */; };
		274F30CD29F04A0F003507F6 /* SearchView.swift in Sources */ = {isa = PBXBuildFile; fileRef = 274F30CC29F04A0F003507F6 /* SearchView.swift */; };
		274F30D529F08ACA003507F6 /* SearchResult.swift in Sources */ = {isa = PBXBuildFile; fileRef = 274F30D429F08ACA003507F6 /* SearchResult.swift */; };
		274F30D729F0B721003507F6 /* NetworkService.swift in Sources */ = {isa = PBXBuildFile; fileRef = 274F30D629F0B721003507F6 /* NetworkService.swift */; };
		275A37BB29F4AC6A00AEDEDB /* FavView.swift in Sources */ = {isa = PBXBuildFile; fileRef = 275A37BA29F4AC6A00AEDEDB /* FavView.swift */; };
		275A37BE29F4B9C600AEDEDB /* Blackbird in Frameworks */ = {isa = PBXBuildFile; productRef = 275A37BD29F4B9C600AEDEDB /* Blackbird */; };
		275A37C229F4B9FA00AEDEDB /* AppDataBase.swift in Sources */ = {isa = PBXBuildFile; fileRef = 275A37C129F4B9FA00AEDEDB /* AppDataBase.swift */; };
		275A37C529F4BC4500AEDEDB /* db.sqlite in Resources */ = {isa = PBXBuildFile; fileRef = 275A37C429F4BC4500AEDEDB /* db.sqlite */; };
/* End PBXBuildFile section */

/* Begin PBXFileReference section */
		274A4FEA29F1B0A4001A115B /* Advice.swift */ = {isa = PBXFileReference; lastKnownFileType = sourcecode.swift; path = Advice.swift; sourceTree = "<group>"; };
		274F30BB29F049E1003507F6 /* FinalModTaskDictionary.app */ = {isa = PBXFileReference; explicitFileType = wrapper.application; includeInIndex = 0; path = FinalModTaskDictionary.app; sourceTree = BUILT_PRODUCTS_DIR; };
		274F30BE29F049E1003507F6 /* FinalModTaskAdviceApp.swift */ = {isa = PBXFileReference; lastKnownFileType = sourcecode.swift; path = FinalModTaskAdviceApp.swift; sourceTree = "<group>"; };
		274F30C229F049E8003507F6 /* Assets.xcassets */ = {isa = PBXFileReference; lastKnownFileType = folder.assetcatalog; path = Assets.xcassets; sourceTree = "<group>"; };
		274F30C529F049E8003507F6 /* Preview Assets.xcassets */ = {isa = PBXFileReference; lastKnownFileType = folder.assetcatalog; path = "Preview Assets.xcassets"; sourceTree = "<group>"; };
		274F30CC29F04A0F003507F6 /* SearchView.swift */ = {isa = PBXFileReference; lastKnownFileType = sourcecode.swift; path = SearchView.swift; sourceTree = "<group>"; };
		274F30D429F08ACA003507F6 /* SearchResult.swift */ = {isa = PBXFileReference; lastKnownFileType = sourcecode.swift; path = SearchResult.swift; sourceTree = "<group>"; };
		274F30D629F0B721003507F6 /* NetworkService.swift */ = {isa = PBXFileReference; lastKnownFileType = sourcecode.swift; path = NetworkService.swift; sourceTree = "<group>"; };
		275A37BA29F4AC6A00AEDEDB /* FavView.swift */ = {isa = PBXFileReference; lastKnownFileType = sourcecode.swift; path = FavView.swift; sourceTree = "<group>"; };
		275A37C129F4B9FA00AEDEDB /* AppDataBase.swift */ = {isa = PBXFileReference; lastKnownFileType = sourcecode.swift; path = AppDataBase.swift; sourceTree = "<group>"; };
		275A37C429F4BC4500AEDEDB /* db.sqlite */ = {isa = PBXFileReference; lastKnownFileType = file; path = db.sqlite; sourceTree = SOURCE_ROOT; };
/* End PBXFileReference section */

/* Begin PBXFrameworksBuildPhase section */
		274F30B829F049E1003507F6 /* Frameworks */ = {
			isa = PBXFrameworksBuildPhase;
			buildActionMask = 2147483647;
			files = (
				275A37BE29F4B9C600AEDEDB /* Blackbird in Frameworks */,
			);
			runOnlyForDeploymentPostprocessing = 0;
		};
/* End PBXFrameworksBuildPhase section */

/* Begin PBXGroup section */
		274F30B229F049E1003507F6 = {
			isa = PBXGroup;
			children = (
				274F30BD29F049E1003507F6 /* FinalModTaskDictionary */,
				274F30BC29F049E1003507F6 /* Products */,
			);
			sourceTree = "<group>";
		};
		274F30BC29F049E1003507F6 /* Products */ = {
			isa = PBXGroup;
			children = (
				274F30BB29F049E1003507F6 /* FinalModTaskDictionary.app */,
			);
			name = Products;
			sourceTree = "<group>";
		};
		274F30BD29F049E1003507F6 /* FinalModTaskDictionary */ = {
			isa = PBXGroup;
			children = (
				274F30BE29F049E1003507F6 /* FinalModTaskAdviceApp.swift */,
				275A37C329F4BA0000AEDEDB /* Helpers */,
				274F30D129F04AC3003507F6 /* Model */,
				274F30D829F0B72F003507F6 /* Services */,
				274F30CE29F04A22003507F6 /* Views */,
				274F30C229F049E8003507F6 /* Assets.xcassets */,
				274F30C429F049E8003507F6 /* Preview Content */,
			);
			path = FinalModTaskDictionary;
			sourceTree = "<group>";
		};
		274F30C429F049E8003507F6 /* Preview Content */ = {
			isa = PBXGroup;
			children = (
				274F30C529F049E8003507F6 /* Preview Assets.xcassets */,
			);
			path = "Preview Content";
			sourceTree = "<group>";
		};
		274F30CE29F04A22003507F6 /* Views */ = {
			isa = PBXGroup;
			children = (
				275A37C429F4BC4500AEDEDB /* db.sqlite */,
				275A37BA29F4AC6A00AEDEDB /* FavView.swift */,
				274F30CC29F04A0F003507F6 /* SearchView.swift */,
			);
			path = Views;
			sourceTree = "<group>";
		};
		274F30D129F04AC3003507F6 /* Model */ = {
			isa = PBXGroup;
			children = (
				274F30D429F08ACA003507F6 /* SearchResult.swift */,
				274A4FEA29F1B0A4001A115B /* Advice.swift */,
			);
			path = Model;
			sourceTree = "<group>";
		};
		274F30D829F0B72F003507F6 /* Services */ = {
			isa = PBXGroup;
			children = (
				274F30D629F0B721003507F6 /* NetworkService.swift */,
			);
			path = Services;
			sourceTree = "<group>";
		};
		275A37C329F4BA0000AEDEDB /* Helpers */ = {
			isa = PBXGroup;
			children = (
				275A37C129F4B9FA00AEDEDB /* AppDataBase.swift */,
			);
			path = Helpers;
			sourceTree = "<group>";
		};
/* End PBXGroup section */

/* Begin PBXNativeTarget section */
		274F30BA29F049E1003507F6 /* FinalModTaskDictionary */ = {
			isa = PBXNativeTarget;
			buildConfigurationList = 274F30C929F049E8003507F6 /* Build configuration list for PBXNativeTarget "FinalModTaskDictionary" */;
			buildPhases = (
				274F30B729F049E1003507F6 /* Sources */,
				274F30B829F049E1003507F6 /* Frameworks */,
				274F30B929F049E1003507F6 /* Resources */,
			);
			buildRules = (
			);
			dependencies = (
			);
			name = FinalModTaskDictionary;
			packageProductDependencies = (
				275A37BD29F4B9C600AEDEDB /* Blackbird */,
			);
			productName = FinalModTaskDictionary;
			productReference = 274F30BB29F049E1003507F6 /* FinalModTaskDictionary.app */;
			productType = "com.apple.product-type.application";
		};
/* End PBXNativeTarget section */

/* Begin PBXProject section */
		274F30B329F049E1003507F6 /* Project object */ = {
			isa = PBXProject;
			attributes = {
				BuildIndependentTargetsInParallel = 1;
				LastSwiftUpdateCheck = 1420;
				LastUpgradeCheck = 1420;
				TargetAttributes = {
					274F30BA29F049E1003507F6 = {
						CreatedOnToolsVersion = 14.2;
					};
				};
			};
			buildConfigurationList = 274F30B629F049E1003507F6 /* Build configuration list for PBXProject "FinalModTaskDictionary" */;
			compatibilityVersion = "Xcode 14.0";
			developmentRegion = en;
			hasScannedForEncodings = 0;
			knownRegions = (
				en,
				Base,
			);
			mainGroup = 274F30B229F049E1003507F6;
			packageReferences = (
				275A37BC29F4B9C600AEDEDB /* XCRemoteSwiftPackageReference "Blackbird" */,
			);
			productRefGroup = 274F30BC29F049E1003507F6 /* Products */;
			projectDirPath = "";
			projectRoot = "";
			targets = (
				274F30BA29F049E1003507F6 /* FinalModTaskDictionary */,
			);
		};
/* End PBXProject section */

/* Begin PBXResourcesBuildPhase section */
		274F30B929F049E1003507F6 /* Resources */ = {
			isa = PBXResourcesBuildPhase;
			buildActionMask = 2147483647;
			files = (
				274F30C629F049E8003507F6 /* Preview Assets.xcassets in Resources */,
				275A37C529F4BC4500AEDEDB /* db.sqlite in Resources */,
				274F30C329F049E8003507F6 /* Assets.xcassets in Resources */,
			);
			runOnlyForDeploymentPostprocessing = 0;
		};
/* End PBXResourcesBuildPhase section */

/* Begin PBXSourcesBuildPhase section */
		274F30B729F049E1003507F6 /* Sources */ = {
			isa = PBXSourcesBuildPhase;
			buildActionMask = 2147483647;
			files = (
				275A37BB29F4AC6A00AEDEDB /* FavView.swift in Sources */,
				274F30D729F0B721003507F6 /* NetworkService.swift in Sources */,
				274F30CD29F04A0F003507F6 /* SearchView.swift in Sources */,
				274A4FEB29F1B0A4001A115B /* Advice.swift in Sources */,
				274F30BF29F049E1003507F6 /* FinalModTaskAdviceApp.swift in Sources */,
				275A37C229F4B9FA00AEDEDB /* AppDataBase.swift in Sources */,
				274F30D529F08ACA003507F6 /* SearchResult.swift in Sources */,
			);
			runOnlyForDeploymentPostprocessing = 0;
		};
/* End PBXSourcesBuildPhase section */

/* Begin XCBuildConfiguration section */
		274F30C729F049E8003507F6 /* Debug */ = {
			isa = XCBuildConfiguration;
			buildSettings = {
				ALWAYS_SEARCH_USER_PATHS = NO;
				CLANG_ANALYZER_NONNULL = YES;
				CLANG_ANALYZER_NUMBER_OBJECT_CONVERSION = YES_AGGRESSIVE;
				CLANG_CXX_LANGUAGE_STANDARD = "gnu++20";
				CLANG_ENABLE_MODULES = YES;
				CLANG_ENABLE_OBJC_ARC = YES;
				CLANG_ENABLE_OBJC_WEAK = YES;
				CLANG_WARN_BLOCK_CAPTURE_AUTORELEASING = YES;
				CLANG_WARN_BOOL_CONVERSION = YES;
				CLANG_WARN_COMMA = YES;
				CLANG_WARN_CONSTANT_CONVERSION = YES;
				CLANG_WARN_DEPRECATED_OBJC_IMPLEMENTATIONS = YES;
				CLANG_WARN_DIRECT_OBJC_ISA_USAGE = YES_ERROR;
				CLANG_WARN_DOCUMENTATION_COMMENTS = YES;
				CLANG_WARN_EMPTY_BODY = YES;
				CLANG_WARN_ENUM_CONVERSION = YES;
				CLANG_WARN_INFINITE_RECURSION = YES;
				CLANG_WARN_INT_CONVERSION = YES;
				CLANG_WARN_NON_LITERAL_NULL_CONVERSION = YES;
				CLANG_WARN_OBJC_IMPLICIT_RETAIN_SELF = YES;
				CLANG_WARN_OBJC_LITERAL_CONVERSION = YES;
				CLANG_WARN_OBJC_ROOT_CLASS = YES_ERROR;
				CLANG_WARN_QUOTED_INCLUDE_IN_FRAMEWORK_HEADER = YES;
				CLANG_WARN_RANGE_LOOP_ANALYSIS = YES;
				CLANG_WARN_STRICT_PROTOTYPES = YES;
				CLANG_WARN_SUSPICIOUS_MOVE = YES;
				CLANG_WARN_UNGUARDED_AVAILABILITY = YES_AGGRESSIVE;
				CLANG_WARN_UNREACHABLE_CODE = YES;
				CLANG_WARN__DUPLICATE_METHOD_MATCH = YES;
				COPY_PHASE_STRIP = NO;
				DEBUG_INFORMATION_FORMAT = dwarf;
				ENABLE_STRICT_OBJC_MSGSEND = YES;
				ENABLE_TESTABILITY = YES;
				GCC_C_LANGUAGE_STANDARD = gnu11;
				GCC_DYNAMIC_NO_PIC = NO;
				GCC_NO_COMMON_BLOCKS = YES;
				GCC_OPTIMIZATION_LEVEL = 0;
				GCC_PREPROCESSOR_DEFINITIONS = (
					"DEBUG=1",
					"$(inherited)",
				);
				GCC_WARN_64_TO_32_BIT_CONVERSION = YES;
				GCC_WARN_ABOUT_RETURN_TYPE = YES_ERROR;
				GCC_WARN_UNDECLARED_SELECTOR = YES;
				GCC_WARN_UNINITIALIZED_AUTOS = YES_AGGRESSIVE;
				GCC_WARN_UNUSED_FUNCTION = YES;
				GCC_WARN_UNUSED_VARIABLE = YES;
				IPHONEOS_DEPLOYMENT_TARGET = 16.2;
				MTL_ENABLE_DEBUG_INFO = INCLUDE_SOURCE;
				MTL_FAST_MATH = YES;
				ONLY_ACTIVE_ARCH = YES;
				SDKROOT = iphoneos;
				SWIFT_ACTIVE_COMPILATION_CONDITIONS = DEBUG;
				SWIFT_OPTIMIZATION_LEVEL = "-Onone";
			};
			name = Debug;
		};
		274F30C829F049E8003507F6 /* Release */ = {
			isa = XCBuildConfiguration;
			buildSettings = {
				ALWAYS_SEARCH_USER_PATHS = NO;
				CLANG_ANALYZER_NONNULL = YES;
				CLANG_ANALYZER_NUMBER_OBJECT_CONVERSION = YES_AGGRESSIVE;
				CLANG_CXX_LANGUAGE_STANDARD = "gnu++20";
				CLANG_ENABLE_MODULES = YES;
				CLANG_ENABLE_OBJC_ARC = YES;
				CLANG_ENABLE_OBJC_WEAK = YES;
				CLANG_WARN_BLOCK_CAPTURE_AUTORELEASING = YES;
				CLANG_WARN_BOOL_CONVERSION = YES;
				CLANG_WARN_COMMA = YES;
				CLANG_WARN_CONSTANT_CONVERSION = YES;
				CLANG_WARN_DEPRECATED_OBJC_IMPLEMENTATIONS = YES;
				CLANG_WARN_DIRECT_OBJC_ISA_USAGE = YES_ERROR;
				CLANG_WARN_DOCUMENTATION_COMMENTS = YES;
				CLANG_WARN_EMPTY_BODY = YES;
				CLANG_WARN_ENUM_CONVERSION = YES;
				CLANG_WARN_INFINITE_RECURSION = YES;
				CLANG_WARN_INT_CONVERSION = YES;
				CLANG_WARN_NON_LITERAL_NULL_CONVERSION = YES;
				CLANG_WARN_OBJC_IMPLICIT_RETAIN_SELF = YES;
				CLANG_WARN_OBJC_LITERAL_CONVERSION = YES;
				CLANG_WARN_OBJC_ROOT_CLASS = YES_ERROR;
				CLANG_WARN_QUOTED_INCLUDE_IN_FRAMEWORK_HEADER = YES;
				CLANG_WARN_RANGE_LOOP_ANALYSIS = YES;
				CLANG_WARN_STRICT_PROTOTYPES = YES;
				CLANG_WARN_SUSPICIOUS_MOVE = YES;
				CLANG_WARN_UNGUARDED_AVAILABILITY = YES_AGGRESSIVE;
				CLANG_WARN_UNREACHABLE_CODE = YES;
				CLANG_WARN__DUPLICATE_METHOD_MATCH = YES;
				COPY_PHASE_STRIP = NO;
				DEBUG_INFORMATION_FORMAT = "dwarf-with-dsym";
				ENABLE_NS_ASSERTIONS = NO;
				ENABLE_STRICT_OBJC_MSGSEND = YES;
				GCC_C_LANGUAGE_STANDARD = gnu11;
				GCC_NO_COMMON_BLOCKS = YES;
				GCC_WARN_64_TO_32_BIT_CONVERSION = YES;
				GCC_WARN_ABOUT_RETURN_TYPE = YES_ERROR;
				GCC_WARN_UNDECLARED_SELECTOR = YES;
				GCC_WARN_UNINITIALIZED_AUTOS = YES_AGGRESSIVE;
				GCC_WARN_UNUSED_FUNCTION = YES;
				GCC_WARN_UNUSED_VARIABLE = YES;
				IPHONEOS_DEPLOYMENT_TARGET = 16.2;
				MTL_ENABLE_DEBUG_INFO = NO;
				MTL_FAST_MATH = YES;
				SDKROOT = iphoneos;
				SWIFT_COMPILATION_MODE = wholemodule;
				SWIFT_OPTIMIZATION_LEVEL = "-O";
				VALIDATE_PRODUCT = YES;
			};
			name = Release;
		};
		274F30CA29F049E8003507F6 /* Debug */ = {
			isa = XCBuildConfiguration;
			buildSettings = {
				ASSETCATALOG_COMPILER_APPICON_NAME = AppIcon;
				ASSETCATALOG_COMPILER_GLOBAL_ACCENT_COLOR_NAME = AccentColor;
				CODE_SIGN_STYLE = Automatic;
				CURRENT_PROJECT_VERSION = 1;
				DEVELOPMENT_ASSET_PATHS = "\"FinalModTaskDictionary/Preview Content\"";
				ENABLE_PREVIEWS = YES;
				GENERATE_INFOPLIST_FILE = YES;
				INFOPLIST_KEY_UIApplicationSceneManifest_Generation = YES;
				INFOPLIST_KEY_UIApplicationSupportsIndirectInputEvents = YES;
				INFOPLIST_KEY_UILaunchScreen_Generation = YES;
				INFOPLIST_KEY_UISupportedInterfaceOrientations_iPad = "UIInterfaceOrientationPortrait UIInterfaceOrientationPortraitUpsideDown UIInterfaceOrientationLandscapeLeft UIInterfaceOrientationLandscapeRight";
				INFOPLIST_KEY_UISupportedInterfaceOrientations_iPhone = "UIInterfaceOrientationPortrait UIInterfaceOrientationLandscapeLeft UIInterfaceOrientationLandscapeRight";
				LD_RUNPATH_SEARCH_PATHS = (
					"$(inherited)",
					"@executable_path/Frameworks",
				);
				MARKETING_VERSION = 1.0;
				PRODUCT_BUNDLE_IDENTIFIER = ca.lucasgarcia.FinalModTaskDictionary;
				PRODUCT_NAME = "$(TARGET_NAME)";
				SWIFT_EMIT_LOC_STRINGS = YES;
				SWIFT_VERSION = 5.0;
				TARGETED_DEVICE_FAMILY = "1,2";
			};
			name = Debug;
		};
		274F30CB29F049E8003507F6 /* Release */ = {
			isa = XCBuildConfiguration;
			buildSettings = {
				ASSETCATALOG_COMPILER_APPICON_NAME = AppIcon;
				ASSETCATALOG_COMPILER_GLOBAL_ACCENT_COLOR_NAME = AccentColor;
				CODE_SIGN_STYLE = Automatic;
				CURRENT_PROJECT_VERSION = 1;
				DEVELOPMENT_ASSET_PATHS = "\"FinalModTaskDictionary/Preview Content\"";
				ENABLE_PREVIEWS = YES;
				GENERATE_INFOPLIST_FILE = YES;
				INFOPLIST_KEY_UIApplicationSceneManifest_Generation = YES;
				INFOPLIST_KEY_UIApplicationSupportsIndirectInputEvents = YES;
				INFOPLIST_KEY_UILaunchScreen_Generation = YES;
				INFOPLIST_KEY_UISupportedInterfaceOrientations_iPad = "UIInterfaceOrientationPortrait UIInterfaceOrientationPortraitUpsideDown UIInterfaceOrientationLandscapeLeft UIInterfaceOrientationLandscapeRight";
				INFOPLIST_KEY_UISupportedInterfaceOrientations_iPhone = "UIInterfaceOrientationPortrait UIInterfaceOrientationLandscapeLeft UIInterfaceOrientationLandscapeRight";
				LD_RUNPATH_SEARCH_PATHS = (
					"$(inherited)",
					"@executable_path/Frameworks",
				);
				MARKETING_VERSION = 1.0;
				PRODUCT_BUNDLE_IDENTIFIER = ca.lucasgarcia.FinalModTaskDictionary;
				PRODUCT_NAME = "$(TARGET_NAME)";
				SWIFT_EMIT_LOC_STRINGS = YES;
				SWIFT_VERSION = 5.0;
				TARGETED_DEVICE_FAMILY = "1,2";
			};
			name = Release;
		};
/* End XCBuildConfiguration section */

/* Begin XCConfigurationList section */
		274F30B629F049E1003507F6 /* Build configuration list for PBXProject "FinalModTaskDictionary" */ = {
			isa = XCConfigurationList;
			buildConfigurations = (
				274F30C729F049E8003507F6 /* Debug */,
				274F30C829F049E8003507F6 /* Release */,
			);
			defaultConfigurationIsVisible = 0;
			defaultConfigurationName = Release;
		};
		274F30C929F049E8003507F6 /* Build configuration list for PBXNativeTarget "FinalModTaskDictionary" */ = {
			isa = XCConfigurationList;
			buildConfigurations = (
				274F30CA29F049E8003507F6 /* Debug */,
				274F30CB29F049E8003507F6 /* Release */,
			);
			defaultConfigurationIsVisible = 0;
			defaultConfigurationName = Release;
		};
/* End XCConfigurationList section */

/* Begin XCRemoteSwiftPackageReference section */
		275A37BC29F4B9C600AEDEDB /* XCRemoteSwiftPackageReference "Blackbird" */ = {
			isa = XCRemoteSwiftPackageReference;
			repositoryURL = "https://github.com/marcoarment/Blackbird";
			requirement = {
				branch = main;
				kind = branch;
			};
		};
/* End XCRemoteSwiftPackageReference section */

/* Begin XCSwiftPackageProductDependency section */
		275A37BD29F4B9C600AEDEDB /* Blackbird */ = {
			isa = XCSwiftPackageProductDependency;
			package = 275A37BC29F4B9C600AEDEDB /* XCRemoteSwiftPackageReference "Blackbird" */;
			productName = Blackbird;
		};
/* End XCSwiftPackageProductDependency section */
	};
	rootObject = 274F30B329F049E1003507F6 /* Project object */;
}
